// !$*UTF8*$!
{
	archiveVersion = 1;
	classes = {
	};
	objectVersion = 46;
	objects = {

/* Begin PBXBuildFile section */
		E7DDBF831EBFA5570054D8EE /* compare.c in Sources */ = {isa = PBXBuildFile; fileRef = E7DDBF751EBF9E120054D8EE /* compare.c */; };
		E7DDBF841EBFA55B0054D8EE /* bst.c in Sources */ = {isa = PBXBuildFile; fileRef = E7DDBF741EBF9E120054D8EE /* bst.c */; };
/* End PBXBuildFile section */

/* Begin PBXCopyFilesBuildPhase section */
		E7DDBF791EBF9EA60054D8EE /* CopyFiles */ = {
			isa = PBXCopyFilesBuildPhase;
			buildActionMask = 2147483647;
			dstPath = /usr/share/man/man1/;
			dstSubfolderSpec = 0;
			files = (
			);
			runOnlyForDeploymentPostprocessing = 1;
		};
/* End PBXCopyFilesBuildPhase section */

/* Begin PBXFileReference section */
		E7DDBF721EBF9E120054D8EE /* bst.h */ = {isa = PBXFileReference; fileEncoding = 4; lastKnownFileType = sourcecode.c.h; path = bst.h; sourceTree = "<group>"; };
		E7DDBF731EBF9E120054D8EE /* structs.h */ = {isa = PBXFileReference; fileEncoding = 4; lastKnownFileType = sourcecode.c.h; path = structs.h; sourceTree = "<group>"; };
		E7DDBF741EBF9E120054D8EE /* bst.c */ = {isa = PBXFileReference; fileEncoding = 4; lastKnownFileType = sourcecode.c.c; path = bst.c; sourceTree = "<group>"; };
		E7DDBF751EBF9E120054D8EE /* compare.c */ = {isa = PBXFileReference; fileEncoding = 4; lastKnownFileType = sourcecode.c.c; path = compare.c; sourceTree = "<group>"; };
		E7DDBF761EBF9E120054D8EE /* makefile */ = {isa = PBXFileReference; fileEncoding = 4; lastKnownFileType = sourcecode.make; path = makefile; sourceTree = "<group>"; };
		E7DDBF7B1EBF9EA60054D8EE /* Ass4-doc */ = {isa = PBXFileReference; explicitFileType = "compiled.mach-o.executable"; includeInIndex = 0; name = "Ass4-doc"; path = "/Users/kevinlewis/Google Drive/Oregon State/CS 261/Ass4/build/Debug/Ass4-doc"; sourceTree = "<absolute>"; };
/* End PBXFileReference section */

/* Begin PBXFrameworksBuildPhase section */
		E7DDBF781EBF9EA60054D8EE /* Frameworks */ = {
			isa = PBXFrameworksBuildPhase;
			buildActionMask = 2147483647;
			files = (
			);
			runOnlyForDeploymentPostprocessing = 0;
		};
/* End PBXFrameworksBuildPhase section */

/* Begin PBXGroup section */
		E7DDBF671EBF9DEB0054D8EE = {
			isa = PBXGroup;
			children = (
				E7DDBF721EBF9E120054D8EE /* bst.h */,
				E7DDBF731EBF9E120054D8EE /* structs.h */,
				E7DDBF741EBF9E120054D8EE /* bst.c */,
				E7DDBF751EBF9E120054D8EE /* compare.c */,
				E7DDBF761EBF9E120054D8EE /* makefile */,
			);
			sourceTree = "<group>";
		};
/* End PBXGroup section */

/* Begin PBXLegacyTarget section */
		E7DDBF6C1EBF9DEB0054D8EE /* Ass4 */ = {
			isa = PBXLegacyTarget;
			buildArgumentsString = "$(ACTION)";
			buildConfigurationList = E7DDBF6F1EBF9DEB0054D8EE /* Build configuration list for PBXLegacyTarget "Ass4" */;
			buildPhases = (
			);
			buildToolPath = "/Users/kevinlewis/Google Drive/Oregon State/CS 261/Ass4/makefile";
			buildWorkingDirectory = "/Users/kevinlewis/Google Drive/Oregon State/CS 261/Ass4";
			dependencies = (
			);
			name = Ass4;
			passBuildSettingsInEnvironment = 1;
			productName = Ass4;
		};
/* End PBXLegacyTarget section */

/* Begin PBXNativeTarget section */
		E7DDBF7A1EBF9EA60054D8EE /* Ass4-doc */ = {
			isa = PBXNativeTarget;
			buildConfigurationList = E7DDBF801EBF9EA60054D8EE /* Build configuration list for PBXNativeTarget "Ass4-doc" */;
			buildPhases = (
				E7DDBF771EBF9EA60054D8EE /* Sources */,
				E7DDBF781EBF9EA60054D8EE /* Frameworks */,
				E7DDBF791EBF9EA60054D8EE /* CopyFiles */,
			);
			buildRules = (
			);
			dependencies = (
			);
			name = "Ass4-doc";
			productName = "Ass4-doc";
			productReference = E7DDBF7B1EBF9EA60054D8EE /* Ass4-doc */;
			productType = "com.apple.product-type.tool";
		};
/* End PBXNativeTarget section */

/* Begin PBXProject section */
		E7DDBF681EBF9DEB0054D8EE /* Project object */ = {
			isa = PBXProject;
			attributes = {
				LastUpgradeCheck = 0830;
				ORGANIZATIONNAME = "Kevin Lewis";
				TargetAttributes = {
					E7DDBF6C1EBF9DEB0054D8EE = {
						CreatedOnToolsVersion = 8.3.2;
						ProvisioningStyle = Automatic;
					};
					E7DDBF7A1EBF9EA60054D8EE = {
						CreatedOnToolsVersion = 8.3.2;
						ProvisioningStyle = Automatic;
					};
				};
			};
			buildConfigurationList = E7DDBF6B1EBF9DEB0054D8EE /* Build configuration list for PBXProject "Ass4" */;
			compatibilityVersion = "Xcode 3.2";
			developmentRegion = English;
			hasScannedForEncodings = 0;
			knownRegions = (
				en,
			);
			mainGroup = E7DDBF671EBF9DEB0054D8EE;
			productRefGroup = E7DDBF671EBF9DEB0054D8EE;
			projectDirPath = "";
			projectRoot = "";
			targets = (
				E7DDBF6C1EBF9DEB0054D8EE /* Ass4 */,
				E7DDBF7A1EBF9EA60054D8EE /* Ass4-doc */,
			);
		};
/* End PBXProject section */

/* Begin PBXSourcesBuildPhase section */
		E7DDBF771EBF9EA60054D8EE /* Sources */ = {
			isa = PBXSourcesBuildPhase;
			buildActionMask = 2147483647;
			files = (
				E7DDBF831EBFA5570054D8EE /* compare.c in Sources */,
				E7DDBF841EBFA55B0054D8EE /* bst.c in Sources */,
			);
			runOnlyForDeploymentPostprocessing = 0;
		};
/* End PBXSourcesBuildPhase section */

/* Begin XCBuildConfiguration section */
		E7DDBF6D1EBF9DEB0054D8EE /* Debug */ = {
			isa = XCBuildConfiguration;
			buildSettings = {
				ALWAYS_SEARCH_USER_PATHS = NO;
				CLANG_ANALYZER_NONNULL = YES;
				CLANG_ANALYZER_NUMBER_OBJECT_CONVERSION = YES_AGGRESSIVE;
				CLANG_CXX_LANGUAGE_STANDARD = "gnu++0x";
				CLANG_CXX_LIBRARY = "libc++";
				CLANG_ENABLE_MODULES = YES;
				CLANG_ENABLE_OBJC_ARC = YES;
				CLANG_WARN_BOOL_CONVERSION = YES;
				CLANG_WARN_CONSTANT_CONVERSION = YES;
				CLANG_WARN_DIRECT_OBJC_ISA_USAGE = YES_ERROR;
				CLANG_WARN_DOCUMENTATION_COMMENTS = YES;
				CLANG_WARN_EMPTY_BODY = YES;
				CLANG_WARN_ENUM_CONVERSION = YES;
				CLANG_WARN_INFINITE_RECURSION = YES;
				CLANG_WARN_INT_CONVERSION = YES;
				CLANG_WARN_OBJC_ROOT_CLASS = YES_ERROR;
				CLANG_WARN_SUSPICIOUS_MOVE = YES;
				CLANG_WARN_UNREACHABLE_CODE = YES;
				CLANG_WARN__DUPLICATE_METHOD_MATCH = YES;
				COPY_PHASE_STRIP = NO;
				DEBUG_INFORMATION_FORMAT = dwarf;
				ENABLE_STRICT_OBJC_MSGSEND = YES;
				ENABLE_TESTABILITY = YES;
				GCC_C_LANGUAGE_STANDARD = gnu99;
				GCC_DYNAMIC_NO_PIC = NO;
				GCC_NO_COMMON_BLOCKS = YES;
				GCC_OPTIMIZATION_LEVEL = 0;
				GCC_PREPROCESSOR_DEFINITIONS = (
					"DEBUG=1",
					"$(inherited)",
				);
				GCC_WARN_64_TO_32_BIT_CONVERSION = YES;
				GCC_WARN_ABOUT_RETURN_TYPE = YES_ERROR;
				GCC_WARN_UNDECLARED_SELECTOR = YES;
				GCC_WARN_UNINITIALIZED_AUTOS = YES_AGGRESSIVE;
				GCC_WARN_UNUSED_FUNCTION = YES;
				GCC_WARN_UNUSED_VARIABLE = YES;
				MTL_ENABLE_DEBUG_INFO = YES;
				ONLY_ACTIVE_ARCH = YES;
			};
			name = Debug;
		};
		E7DDBF6E1EBF9DEB0054D8EE /* Release */ = {
			isa = XCBuildConfiguration;
			buildSettings = {
				ALWAYS_SEARCH_USER_PATHS = NO;
				CLANG_ANALYZER_NONNULL = YES;
				CLANG_ANALYZER_NUMBER_OBJECT_CONVERSION = YES_AGGRESSIVE;
				CLANG_CXX_LANGUAGE_STANDARD = "gnu++0x";
				CLANG_CXX_LIBRARY = "libc++";
				CLANG_ENABLE_MODULES = YES;
				CLANG_ENABLE_OBJC_ARC = YES;
				CLANG_WARN_BOOL_CONVERSION = YES;
				CLANG_WARN_CONSTANT_CONVERSION = YES;
				CLANG_WARN_DIRECT_OBJC_ISA_USAGE = YES_ERROR;
				CLANG_WARN_DOCUMENTATION_COMMENTS = YES;
				CLANG_WARN_EMPTY_BODY = YES;
				CLANG_WARN_ENUM_CONVERSION = YES;
				CLANG_WARN_INFINITE_RECURSION = YES;
				CLANG_WARN_INT_CONVERSION = YES;
				CLANG_WARN_OBJC_ROOT_CLASS = YES_ERROR;
				CLANG_WARN_SUSPICIOUS_MOVE = YES;
				CLANG_WARN_UNREACHABLE_CODE = YES;
				CLANG_WARN__DUPLICATE_METHOD_MATCH = YES;
				COPY_PHASE_STRIP = NO;
				DEBUG_INFORMATION_FORMAT = "dwarf-with-dsym";
				ENABLE_NS_ASSERTIONS = NO;
				ENABLE_STRICT_OBJC_MSGSEND = YES;
				GCC_C_LANGUAGE_STANDARD = gnu99;
				GCC_NO_COMMON_BLOCKS = YES;
				GCC_WARN_64_TO_32_BIT_CONVERSION = YES;
				GCC_WARN_ABOUT_RETURN_TYPE = YES_ERROR;
				GCC_WARN_UNDECLARED_SELECTOR = YES;
				GCC_WARN_UNINITIALIZED_AUTOS = YES_AGGRESSIVE;
				GCC_WARN_UNUSED_FUNCTION = YES;
				GCC_WARN_UNUSED_VARIABLE = YES;
				MTL_ENABLE_DEBUG_INFO = NO;
			};
			name = Release;
		};
		E7DDBF701EBF9DEB0054D8EE /* Debug */ = {
			isa = XCBuildConfiguration;
			buildSettings = {
				DEBUGGING_SYMBOLS = YES;
				DEBUG_INFORMATION_FORMAT = dwarf;
				GCC_GENERATE_DEBUGGING_SYMBOLS = YES;
				GCC_OPTIMIZATION_LEVEL = 0;
				OTHER_CFLAGS = "";
				OTHER_LDFLAGS = "";
				PRODUCT_NAME = "$(TARGET_NAME)";
			};
			name = Debug;
		};
		E7DDBF711EBF9DEB0054D8EE /* Release */ = {
			isa = XCBuildConfiguration;
			buildSettings = {
				DEBUG_INFORMATION_FORMAT = "dwarf-with-dsym";
				OTHER_CFLAGS = "";
				OTHER_LDFLAGS = "";
				PRODUCT_NAME = "$(TARGET_NAME)";
			};
			name = Release;
		};
		E7DDBF811EBF9EA60054D8EE /* Debug */ = {
			isa = XCBuildConfiguration;
			buildSettings = {
				CODE_SIGN_IDENTITY = "-";
				MACOSX_DEPLOYMENT_TARGET = 10.12;
				PRODUCT_NAME = "$(TARGET_NAME)";
				SDKROOT = macosx;
			};
			name = Debug;
		};
		E7DDBF821EBF9EA60054D8EE /* Release */ = {
			isa = XCBuildConfiguration;
			buildSettings = {
				CODE_SIGN_IDENTITY = "-";
				MACOSX_DEPLOYMENT_TARGET = 10.12;
				PRODUCT_NAME = "$(TARGET_NAME)";
				SDKROOT = macosx;
			};
			name = Release;
		};
/* End XCBuildConfiguration section */

/* Begin XCConfigurationList section */
		E7DDBF6B1EBF9DEB0054D8EE /* Build configuration list for PBXProject "Ass4" */ = {
			isa = XCConfigurationList;
			buildConfigurations = (
				E7DDBF6D1EBF9DEB0054D8EE /* Debug */,
				E7DDBF6E1EBF9DEB0054D8EE /* Release */,
			);
			defaultConfigurationIsVisible = 0;
			defaultConfigurationName = Release;
		};
		E7DDBF6F1EBF9DEB0054D8EE /* Build configuration list for PBXLegacyTarget "Ass4" */ = {
			isa = XCConfigurationList;
			buildConfigurations = (
				E7DDBF701EBF9DEB0054D8EE /* Debug */,
				E7DDBF711EBF9DEB0054D8EE /* Release */,
			);
			defaultConfigurationIsVisible = 0;
		};
		E7DDBF801EBF9EA60054D8EE /* Build configuration list for PBXNativeTarget "Ass4-doc" */ = {
			isa = XCConfigurationList;
			buildConfigurations = (
				E7DDBF811EBF9EA60054D8EE /* Debug */,
				E7DDBF821EBF9EA60054D8EE /* Release */,
			);
			defaultConfigurationIsVisible = 0;
		};
/* End XCConfigurationList section */
	};
	rootObject = E7DDBF681EBF9DEB0054D8EE /* Project object */;
}
